
Microsoft Visual Studio Solution File, Format Version 12.00
# Visual Studio Version 17
VisualStudioVersion = 17.10.35013.160
MinimumVisualStudioVersion = 10.0.40219.1
Project("{FAE04EC0-301F-11D3-BF4B-00C04F79EFBC}") = "testDocker", "testDocker\testDocker.csproj", "{CDCEAD8E-ACBF-4287-BEA2-4F72CFE7C2DC}"
EndProject
Global
	GlobalSection(SolutionConfigurationPlatforms) = preSolution
		Debug|Any CPU = Debug|Any CPU
		Release|Any CPU = Release|Any CPU
	EndGlobalSection
	GlobalSection(ProjectConfigurationPlatforms) = postSolution
		{CDCEAD8E-ACBF-4287-BEA2-4F72CFE7C2DC}.Debug|Any CPU.ActiveCfg = Debug|Any CPU
		{CDCEAD8E-ACBF-4287-BEA2-4F72CFE7C2DC}.Debug|Any CPU.Build.0 = Debug|Any CPU
		{CDCEAD8E-ACBF-4287-BEA2-4F72CFE7C2DC}.Release|Any CPU.ActiveCfg = Release|Any CPU
		{CDCEAD8E-ACBF-4287-BEA2-4F72CFE7C2DC}.Release|Any CPU.Build.0 = Release|Any CPU
	EndGlobalSection
	GlobalSection(SolutionProperties) = preSolution
		HideSolutionNode = FALSE
	EndGlobalSection
	GlobalSection(ExtensibilityGlobals) = postSolution
		SolutionGuid = {46F35EB5-902E-4FE7-B7C9-1F522622D59B}
	EndGlobalSection
EndGlobal
